
Microsoft Visual Studio Solution File, Format Version 12.00
# Visual Studio Version 17
VisualStudioVersion = 17.8.34511.84
MinimumVisualStudioVersion = 10.0.40219.1
Project("{9A19103F-16F7-4668-BE54-9A1E7A4F7556}") = "SpecFlowProjectDay13", "SpecFlowProjectDay13\SpecFlowProjectDay13.csproj", "{CCD85C21-AE04-4E37-8E8F-FB97B3EB7E93}"
EndProject
Project("{FAE04EC0-301F-11D3-BF4B-00C04F79EFBC}") = "CalcLib", "CalcLib\CalcLib.csproj", "{C1EAE1EE-B0D9-4AAA-A9D4-66AC88A076CB}"
EndProject
Global
	GlobalSection(SolutionConfigurationPlatforms) = preSolution
		Debug|Any CPU = Debug|Any CPU
		Release|Any CPU = Release|Any CPU
	EndGlobalSection
	GlobalSection(ProjectConfigurationPlatforms) = postSolution
		{CCD85C21-AE04-4E37-8E8F-FB97B3EB7E93}.Debug|Any CPU.ActiveCfg = Debug|Any CPU
		{CCD85C21-AE04-4E37-8E8F-FB97B3EB7E93}.Debug|Any CPU.Build.0 = Debug|Any CPU
		{CCD85C21-AE04-4E37-8E8F-FB97B3EB7E93}.Release|Any CPU.ActiveCfg = Release|Any CPU
		{CCD85C21-AE04-4E37-8E8F-FB97B3EB7E93}.Release|Any CPU.Build.0 = Release|Any CPU
		{C1EAE1EE-B0D9-4AAA-A9D4-66AC88A076CB}.Debug|Any CPU.ActiveCfg = Debug|Any CPU
		{C1EAE1EE-B0D9-4AAA-A9D4-66AC88A076CB}.Debug|Any CPU.Build.0 = Debug|Any CPU
		{C1EAE1EE-B0D9-4AAA-A9D4-66AC88A076CB}.Release|Any CPU.ActiveCfg = Release|Any CPU
		{C1EAE1EE-B0D9-4AAA-A9D4-66AC88A076CB}.Release|Any CPU.Build.0 = Release|Any CPU
	EndGlobalSection
	GlobalSection(SolutionProperties) = preSolution
		HideSolutionNode = FALSE
	EndGlobalSection
	GlobalSection(ExtensibilityGlobals) = postSolution
		SolutionGuid = {F15FB59A-5B1E-4E1B-949E-F896AFBECCB8}
	EndGlobalSection
EndGlobal
